// !$*UTF8*$!
{
	archiveVersion = 1;
	classes = {
	};
	objectVersion = 46;
	objects = {

/* Begin PBXBuildFile section */
		54C76E0519DB183D000E562E /* VacationViewController.m in Sources */ = {isa = PBXBuildFile; fileRef = 54C76E0419DB183D000E562E /* VacationViewController.m */; };
		54E3752A19DB090B00850F86 /* main.m in Sources */ = {isa = PBXBuildFile; fileRef = 54E3752919DB090B00850F86 /* main.m */; };
		54E3752D19DB090B00850F86 /* AppDelegate.m in Sources */ = {isa = PBXBuildFile; fileRef = 54E3752C19DB090B00850F86 /* AppDelegate.m */; };
		54E3753019DB090B00850F86 /* ViewController.m in Sources */ = {isa = PBXBuildFile; fileRef = 54E3752F19DB090B00850F86 /* ViewController.m */; };
		54E3753319DB090B00850F86 /* Main.storyboard in Resources */ = {isa = PBXBuildFile; fileRef = 54E3753119DB090B00850F86 /* Main.storyboard */; };
		54E3753519DB090B00850F86 /* Images.xcassets in Resources */ = {isa = PBXBuildFile; fileRef = 54E3753419DB090B00850F86 /* Images.xcassets */; };
		54E3753819DB090B00850F86 /* LaunchScreen.xib in Resources */ = {isa = PBXBuildFile; fileRef = 54E3753619DB090B00850F86 /* LaunchScreen.xib */; };
		54E3754419DB090B00850F86 /* IntergalacticTravelTests.m in Sources */ = {isa = PBXBuildFile; fileRef = 54E3754319DB090B00850F86 /* IntergalacticTravelTests.m */; };
/* End PBXBuildFile section */

/* Begin PBXContainerItemProxy section */
		54E3753E19DB090B00850F86 /* PBXContainerItemProxy */ = {
			isa = PBXContainerItemProxy;
			containerPortal = 54E3751C19DB090B00850F86 /* Project object */;
			proxyType = 1;
			remoteGlobalIDString = 54E3752319DB090B00850F86;
			remoteInfo = IntergalacticTravel;
		};
/* End PBXContainerItemProxy section */

/* Begin PBXFileReference section */
		54C76E0319DB183D000E562E /* VacationViewController.h */ = {isa = PBXFileReference; fileEncoding = 4; lastKnownFileType = sourcecode.c.h; path = VacationViewController.h; sourceTree = "<group>"; };
		54C76E0419DB183D000E562E /* VacationViewController.m */ = {isa = PBXFileReference; fileEncoding = 4; lastKnownFileType = sourcecode.c.objc; path = VacationViewController.m; sourceTree = "<group>"; };
		54E3752419DB090B00850F86 /* IntergalacticTravel.app */ = {isa = PBXFileReference; explicitFileType = wrapper.application; includeInIndex = 0; path = IntergalacticTravel.app; sourceTree = BUILT_PRODUCTS_DIR; };
		54E3752819DB090B00850F86 /* Info.plist */ = {isa = PBXFileReference; lastKnownFileType = text.plist.xml; path = Info.plist; sourceTree = "<group>"; };
		54E3752919DB090B00850F86 /* main.m */ = {isa = PBXFileReference; lastKnownFileType = sourcecode.c.objc; path = main.m; sourceTree = "<group>"; };
		54E3752B19DB090B00850F86 /* AppDelegate.h */ = {isa = PBXFileReference; lastKnownFileType = sourcecode.c.h; path = AppDelegate.h; sourceTree = "<group>"; };
		54E3752C19DB090B00850F86 /* AppDelegate.m */ = {isa = PBXFileReference; lastKnownFileType = sourcecode.c.objc; path = AppDelegate.m; sourceTree = "<group>"; };
		54E3752E19DB090B00850F86 /* ViewController.h */ = {isa = PBXFileReference; lastKnownFileType = sourcecode.c.h; path = ViewController.h; sourceTree = "<group>"; };
		54E3752F19DB090B00850F86 /* ViewController.m */ = {isa = PBXFileReference; lastKnownFileType = sourcecode.c.objc; path = ViewController.m; sourceTree = "<group>"; };
		54E3753219DB090B00850F86 /* Base */ = {isa = PBXFileReference; lastKnownFileType = file.storyboard; name = Base; path = Base.lproj/Main.storyboard; sourceTree = "<group>"; };
		54E3753419DB090B00850F86 /* Images.xcassets */ = {isa = PBXFileReference; lastKnownFileType = folder.assetcatalog; path = Images.xcassets; sourceTree = "<group>"; };
		54E3753719DB090B00850F86 /* Base */ = {isa = PBXFileReference; lastKnownFileType = file.xib; name = Base; path = Base.lproj/LaunchScreen.xib; sourceTree = "<group>"; };
		54E3753D19DB090B00850F86 /* IntergalacticTravelTests.xctest */ = {isa = PBXFileReference; explicitFileType = wrapper.cfbundle; includeInIndex = 0; path = IntergalacticTravelTests.xctest; sourceTree = BUILT_PRODUCTS_DIR; };
		54E3754219DB090B00850F86 /* Info.plist */ = {isa = PBXFileReference; lastKnownFileType = text.plist.xml; path = Info.plist; sourceTree = "<group>"; };
		54E3754319DB090B00850F86 /* IntergalacticTravelTests.m */ = {isa = PBXFileReference; lastKnownFileType = sourcecode.c.objc; path = IntergalacticTravelTests.m; sourceTree = "<group>"; };
/* End PBXFileReference section */

/* Begin PBXFrameworksBuildPhase section */
		54E3752119DB090B00850F86 /* Frameworks */ = {
			isa = PBXFrameworksBuildPhase;
			buildActionMask = 2147483647;
			files = (
			);
			runOnlyForDeploymentPostprocessing = 0;
		};
		54E3753A19DB090B00850F86 /* Frameworks */ = {
			isa = PBXFrameworksBuildPhase;
			buildActionMask = 2147483647;
			files = (
			);
			runOnlyForDeploymentPostprocessing = 0;
		};
/* End PBXFrameworksBuildPhase section */

/* Begin PBXGroup section */
		54E3751B19DB090B00850F86 = {
			isa = PBXGroup;
			children = (
				54E3752619DB090B00850F86 /* IntergalacticTravel */,
				54E3754019DB090B00850F86 /* IntergalacticTravelTests */,
				54E3752519DB090B00850F86 /* Products */,
			);
			sourceTree = "<group>";
		};
		54E3752519DB090B00850F86 /* Products */ = {
			isa = PBXGroup;
			children = (
				54E3752419DB090B00850F86 /* IntergalacticTravel.app */,
				54E3753D19DB090B00850F86 /* IntergalacticTravelTests.xctest */,
			);
			name = Products;
			sourceTree = "<group>";
		};
		54E3752619DB090B00850F86 /* IntergalacticTravel */ = {
			isa = PBXGroup;
			children = (
				54C76E0319DB183D000E562E /* VacationViewController.h */,
				54C76E0419DB183D000E562E /* VacationViewController.m */,
				54E3752B19DB090B00850F86 /* AppDelegate.h */,
				54E3752C19DB090B00850F86 /* AppDelegate.m */,
				54E3752E19DB090B00850F86 /* ViewController.h */,
				54E3752F19DB090B00850F86 /* ViewController.m */,
				54E3753119DB090B00850F86 /* Main.storyboard */,
				54E3753419DB090B00850F86 /* Images.xcassets */,
				54E3753619DB090B00850F86 /* LaunchScreen.xib */,
				54E3752719DB090B00850F86 /* Supporting Files */,
			);
			path = IntergalacticTravel;
			sourceTree = "<group>";
		};
		54E3752719DB090B00850F86 /* Supporting Files */ = {
			isa = PBXGroup;
			children = (
				54E3752819DB090B00850F86 /* Info.plist */,
				54E3752919DB090B00850F86 /* main.m */,
			);
			name = "Supporting Files";
			sourceTree = "<group>";
		};
		54E3754019DB090B00850F86 /* IntergalacticTravelTests */ = {
			isa = PBXGroup;
			children = (
				54E3754319DB090B00850F86 /* IntergalacticTravelTests.m */,
				54E3754119DB090B00850F86 /* Supporting Files */,
			);
			path = IntergalacticTravelTests;
			sourceTree = "<group>";
		};
		54E3754119DB090B00850F86 /* Supporting Files */ = {
			isa = PBXGroup;
			children = (
				54E3754219DB090B00850F86 /* Info.plist */,
			);
			name = "Supporting Files";
			sourceTree = "<group>";
		};
/* End PBXGroup section */

/* Begin PBXNativeTarget section */
		54E3752319DB090B00850F86 /* IntergalacticTravel */ = {
			isa = PBXNativeTarget;
			buildConfigurationList = 54E3754719DB090B00850F86 /* Build configuration list for PBXNativeTarget "IntergalacticTravel" */;
			buildPhases = (
				54E3752019DB090B00850F86 /* Sources */,
				54E3752119DB090B00850F86 /* Frameworks */,
				54E3752219DB090B00850F86 /* Resources */,
			);
			buildRules = (
			);
			dependencies = (
			);
			name = IntergalacticTravel;
			productName = IntergalacticTravel;
			productReference = 54E3752419DB090B00850F86 /* IntergalacticTravel.app */;
			productType = "com.apple.product-type.application";
		};
		54E3753C19DB090B00850F86 /* IntergalacticTravelTests */ = {
			isa = PBXNativeTarget;
			buildConfigurationList = 54E3754A19DB090B00850F86 /* Build configuration list for PBXNativeTarget "IntergalacticTravelTests" */;
			buildPhases = (
				54E3753919DB090B00850F86 /* Sources */,
				54E3753A19DB090B00850F86 /* Frameworks */,
				54E3753B19DB090B00850F86 /* Resources */,
			);
			buildRules = (
			);
			dependencies = (
				54E3753F19DB090B00850F86 /* PBXTargetDependency */,
			);
			name = IntergalacticTravelTests;
			productName = IntergalacticTravelTests;
			productReference = 54E3753D19DB090B00850F86 /* IntergalacticTravelTests.xctest */;
			productType = "com.apple.product-type.bundle.unit-test";
		};
/* End PBXNativeTarget section */

/* Begin PBXProject section */
		54E3751C19DB090B00850F86 /* Project object */ = {
			isa = PBXProject;
			attributes = {
				LastUpgradeCheck = 0600;
				ORGANIZATIONNAME = "Maxi Casal";
				TargetAttributes = {
					54E3752319DB090B00850F86 = {
						CreatedOnToolsVersion = 6.0.1;
					};
					54E3753C19DB090B00850F86 = {
						CreatedOnToolsVersion = 6.0.1;
						TestTargetID = 54E3752319DB090B00850F86;
					};
				};
			};
			buildConfigurationList = 54E3751F19DB090B00850F86 /* Build configuration list for PBXProject "IntergalacticTravel" */;
			compatibilityVersion = "Xcode 3.2";
			developmentRegion = English;
			hasScannedForEncodings = 0;
			knownRegions = (
				en,
				Base,
			);
			mainGroup = 54E3751B19DB090B00850F86;
			productRefGroup = 54E3752519DB090B00850F86 /* Products */;
			projectDirPath = "";
			projectRoot = "";
			targets = (
				54E3752319DB090B00850F86 /* IntergalacticTravel */,
				54E3753C19DB090B00850F86 /* IntergalacticTravelTests */,
			);
		};
/* End PBXProject section */

/* Begin PBXResourcesBuildPhase section */
		54E3752219DB090B00850F86 /* Resources */ = {
			isa = PBXResourcesBuildPhase;
			buildActionMask = 2147483647;
			files = (
				54E3753319DB090B00850F86 /* Main.storyboard in Resources */,
				54E3753819DB090B00850F86 /* LaunchScreen.xib in Resources */,
				54E3753519DB090B00850F86 /* Images.xcassets in Resources */,
			);
			runOnlyForDeploymentPostprocessing = 0;
		};
		54E3753B19DB090B00850F86 /* Resources */ = {
			isa = PBXResourcesBuildPhase;
			buildActionMask = 2147483647;
			files = (
			);
			runOnlyForDeploymentPostprocessing = 0;
		};
/* End PBXResourcesBuildPhase section */

/* Begin PBXSourcesBuildPhase section */
		54E3752019DB090B00850F86 /* Sources */ = {
			isa = PBXSourcesBuildPhase;
			buildActionMask = 2147483647;
			files = (
				54E3753019DB090B00850F86 /* ViewController.m in Sources */,
				54E3752D19DB090B00850F86 /* AppDelegate.m in Sources */,
				54E3752A19DB090B00850F86 /* main.m in Sources */,
				54C76E0519DB183D000E562E /* VacationViewController.m in Sources */,
			);
			runOnlyForDeploymentPostprocessing = 0;
		};
		54E3753919DB090B00850F86 /* Sources */ = {
			isa = PBXSourcesBuildPhase;
			buildActionMask = 2147483647;
			files = (
				54E3754419DB090B00850F86 /* IntergalacticTravelTests.m in Sources */,
			);
			runOnlyForDeploymentPostprocessing = 0;
		};
/* End PBXSourcesBuildPhase section */

/* Begin PBXTargetDependency section */
		54E3753F19DB090B00850F86 /* PBXTargetDependency */ = {
			isa = PBXTargetDependency;
			target = 54E3752319DB090B00850F86 /* IntergalacticTravel */;
			targetProxy = 54E3753E19DB090B00850F86 /* PBXContainerItemProxy */;
		};
/* End PBXTargetDependency section */

/* Begin PBXVariantGroup section */
		54E3753119DB090B00850F86 /* Main.storyboard */ = {
			isa = PBXVariantGroup;
			children = (
				54E3753219DB090B00850F86 /* Base */,
			);
			name = Main.storyboard;
			sourceTree = "<group>";
		};
		54E3753619DB090B00850F86 /* LaunchScreen.xib */ = {
			isa = PBXVariantGroup;
			children = (
				54E3753719DB090B00850F86 /* Base */,
			);
			name = LaunchScreen.xib;
			sourceTree = "<group>";
		};
/* End PBXVariantGroup section */

/* Begin XCBuildConfiguration section */
		54E3754519DB090B00850F86 /* Debug */ = {
			isa = XCBuildConfiguration;
			buildSettings = {
				ALWAYS_SEARCH_USER_PATHS = NO;
				CLANG_CXX_LANGUAGE_STANDARD = "gnu++0x";
				CLANG_CXX_LIBRARY = "libc++";
				CLANG_ENABLE_MODULES = YES;
				CLANG_ENABLE_OBJC_ARC = YES;
				CLANG_WARN_BOOL_CONVERSION = YES;
				CLANG_WARN_CONSTANT_CONVERSION = YES;
				CLANG_WARN_DIRECT_OBJC_ISA_USAGE = YES_ERROR;
				CLANG_WARN_EMPTY_BODY = YES;
				CLANG_WARN_ENUM_CONVERSION = YES;
				CLANG_WARN_INT_CONVERSION = YES;
				CLANG_WARN_OBJC_ROOT_CLASS = YES_ERROR;
				CLANG_WARN_UNREACHABLE_CODE = YES;
				CLANG_WARN__DUPLICATE_METHOD_MATCH = YES;
				"CODE_SIGN_IDENTITY[sdk=iphoneos*]" = "iPhone Developer";
				COPY_PHASE_STRIP = NO;
				ENABLE_STRICT_OBJC_MSGSEND = YES;
				GCC_C_LANGUAGE_STANDARD = gnu99;
				GCC_DYNAMIC_NO_PIC = NO;
				GCC_OPTIMIZATION_LEVEL = 0;
				GCC_PREPROCESSOR_DEFINITIONS = (
					"DEBUG=1",
					"$(inherited)",
				);
				GCC_SYMBOLS_PRIVATE_EXTERN = NO;
				GCC_WARN_64_TO_32_BIT_CONVERSION = YES;
				GCC_WARN_ABOUT_RETURN_TYPE = YES_ERROR;
				GCC_WARN_UNDECLARED_SELECTOR = YES;
				GCC_WARN_UNINITIALIZED_AUTOS = YES_AGGRESSIVE;
				GCC_WARN_UNUSED_FUNCTION = YES;
				GCC_WARN_UNUSED_VARIABLE = YES;
				IPHONEOS_DEPLOYMENT_TARGET = 8.0;
				MTL_ENABLE_DEBUG_INFO = YES;
				ONLY_ACTIVE_ARCH = YES;
				SDKROOT = iphoneos;
			};
			name = Debug;
		};
		54E3754619DB090B00850F86 /* Release */ = {
			isa = XCBuildConfiguration;
			buildSettings = {
				ALWAYS_SEARCH_USER_PATHS = NO;
				CLANG_CXX_LANGUAGE_STANDARD = "gnu++0x";
				CLANG_CXX_LIBRARY = "libc++";
				CLANG_ENABLE_MODULES = YES;
				CLANG_ENABLE_OBJC_ARC = YES;
				CLANG_WARN_BOOL_CONVERSION = YES;
				CLANG_WARN_CONSTANT_CONVERSION = YES;
				CLANG_WARN_DIRECT_OBJC_ISA_USAGE = YES_ERROR;
				CLANG_WARN_EMPTY_BODY = YES;
				CLANG_WARN_ENUM_CONVERSION = YES;
				CLANG_WARN_INT_CONVERSION = YES;
				CLANG_WARN_OBJC_ROOT_CLASS = YES_ERROR;
				CLANG_WARN_UNREACHABLE_CODE = YES;
				CLANG_WARN__DUPLICATE_METHOD_MATCH = YES;
				"CODE_SIGN_IDENTITY[sdk=iphoneos*]" = "iPhone Developer";
				COPY_PHASE_STRIP = YES;
				ENABLE_NS_ASSERTIONS = NO;
				ENABLE_STRICT_OBJC_MSGSEND = YES;
				GCC_C_LANGUAGE_STANDARD = gnu99;
				GCC_WARN_64_TO_32_BIT_CONVERSION = YES;
				GCC_WARN_ABOUT_RETURN_TYPE = YES_ERROR;
				GCC_WARN_UNDECLARED_SELECTOR = YES;
				GCC_WARN_UNINITIALIZED_AUTOS = YES_AGGRESSIVE;
				GCC_WARN_UNUSED_FUNCTION = YES;
				GCC_WARN_UNUSED_VARIABLE = YES;
				IPHONEOS_DEPLOYMENT_TARGET = 8.0;
				MTL_ENABLE_DEBUG_INFO = NO;
				SDKROOT = iphoneos;
				VALIDATE_PRODUCT = YES;
			};
			name = Release;
		};
		54E3754819DB090B00850F86 /* Debug */ = {
			isa = XCBuildConfiguration;
			buildSettings = {
				ASSETCATALOG_COMPILER_APPICON_NAME = AppIcon;
				INFOPLIST_FILE = IntergalacticTravel/Info.plist;
				LD_RUNPATH_SEARCH_PATHS = "$(inherited) @executable_path/Frameworks";
				PRODUCT_NAME = "$(TARGET_NAME)";
			};
			name = Debug;
		};
		54E3754919DB090B00850F86 /* Release */ = {
			isa = XCBuildConfiguration;
			buildSettings = {
				ASSETCATALOG_COMPILER_APPICON_NAME = AppIcon;
				INFOPLIST_FILE = IntergalacticTravel/Info.plist;
				LD_RUNPATH_SEARCH_PATHS = "$(inherited) @executable_path/Frameworks";
				PRODUCT_NAME = "$(TARGET_NAME)";
			};
			name = Release;
		};
		54E3754B19DB090B00850F86 /* Debug */ = {
			isa = XCBuildConfiguration;
			buildSettings = {
				BUNDLE_LOADER = "$(TEST_HOST)";
				FRAMEWORK_SEARCH_PATHS = (
					"$(SDKROOT)/Developer/Library/Frameworks",
					"$(inherited)",
				);
				GCC_PREPROCESSOR_DEFINITIONS = (
					"DEBUG=1",
					"$(inherited)",
				);
				INFOPLIST_FILE = IntergalacticTravelTests/Info.plist;
				LD_RUNPATH_SEARCH_PATHS = "$(inherited) @executable_path/Frameworks @loader_path/Frameworks";
				PRODUCT_NAME = "$(TARGET_NAME)";
				TEST_HOST = "$(BUILT_PRODUCTS_DIR)/IntergalacticTravel.app/IntergalacticTravel";
			};
			name = Debug;
		};
		54E3754C19DB090B00850F86 /* Release */ = {
			isa = XCBuildConfiguration;
			buildSettings = {
				BUNDLE_LOADER = "$(TEST_HOST)";
				FRAMEWORK_SEARCH_PATHS = (
					"$(SDKROOT)/Developer/Library/Frameworks",
					"$(inherited)",
				);
				INFOPLIST_FILE = IntergalacticTravelTests/Info.plist;
				LD_RUNPATH_SEARCH_PATHS = "$(inherited) @executable_path/Frameworks @loader_path/Frameworks";
				PRODUCT_NAME = "$(TARGET_NAME)";
				TEST_HOST = "$(BUILT_PRODUCTS_DIR)/IntergalacticTravel.app/IntergalacticTravel";
			};
			name = Release;
		};
/* End XCBuildConfiguration section */

/* Begin XCConfigurationList section */
		54E3751F19DB090B00850F86 /* Build configuration list for PBXProject "IntergalacticTravel" */ = {
			isa = XCConfigurationList;
			buildConfigurations = (
				54E3754519DB090B00850F86 /* Debug */,
				54E3754619DB090B00850F86 /* Release */,
			);
			defaultConfigurationIsVisible = 0;
			defaultConfigurationName = Release;
		};
		54E3754719DB090B00850F86 /* Build configuration list for PBXNativeTarget "IntergalacticTravel" */ = {
			isa = XCConfigurationList;
			buildConfigurations = (
				54E3754819DB090B00850F86 /* Debug */,
				54E3754919DB090B00850F86 /* Release */,
			);
			defaultConfigurationIsVisible = 0;
			defaultConfigurationName = Release;
		};
		54E3754A19DB090B00850F86 /* Build configuration list for PBXNativeTarget "IntergalacticTravelTests" */ = {
			isa = XCConfigurationList;
			buildConfigurations = (
				54E3754B19DB090B00850F86 /* Debug */,
				54E3754C19DB090B00850F86 /* Release */,
			);
			defaultConfigurationIsVisible = 0;
			defaultConfigurationName = Release;
		};
/* End XCConfigurationList section */
	};
	rootObject = 54E3751C19DB090B00850F86 /* Project object */;
}
